
Microsoft Visual Studio Solution File, Format Version 12.00
# Visual Studio Version 17
VisualStudioVersion = 17.5.002.0
MinimumVisualStudioVersion = 10.0.40219.1
Project("{2150E333-8FDC-42A3-9474-1A3956D46DE8}") = "sandbox", "sandbox", "{F2510598-09F6-4E28-8E5A-08B7B06E7B4C}"
EndProject
Project("{9A19103F-16F7-4668-BE54-9A1E7A4F7556}") = "sandbox_project", "sandbox\sandbox_project\sandbox_project.csproj", "{C8F1EC3F-5FFF-4CCF-AAA8-92FB1BD6523A}"
EndProject
Project("{2150E333-8FDC-42A3-9474-1A3956D46DE8}") = "week01", "week01", "{AEE8DFFF-FC76-40F7-B66C-7E38307FB07E}"
EndProject
Project("{9A19103F-16F7-4668-BE54-9A1E7A4F7556}") = "analyze", "week01\analyze\analyze.csproj", "{94FCB492-F0BE-49B5-B23F-4DAC6157A6B4}"
EndProject
Project("{9A19103F-16F7-4668-BE54-9A1E7A4F7556}") = "code", "week01\code\code.csproj", "{FA9A2DA3-348A-4E18-A789-7B23E1BCE492}"
EndProject
Project("{9A19103F-16F7-4668-BE54-9A1E7A4F7556}") = "teach", "week01\teach\teach.csproj", "{68368B34-1D1F-46B3-8AF7-F970E250F7A1}"
EndProject
Project("{2150E333-8FDC-42A3-9474-1A3956D46DE8}") = "week02", "week02", "{22AA3186-6569-435A-98AC-B0B98C442454}"
EndProject
Project("{9A19103F-16F7-4668-BE54-9A1E7A4F7556}") = "analyze", "week02\analyze\analyze.csproj", "{5F378415-7942-4F06-AA3C-E384BDE30918}"
EndProject
Project("{9A19103F-16F7-4668-BE54-9A1E7A4F7556}") = "code", "week02\code\code.csproj", "{69AF3CDA-AE0F-4A49-91B1-30CCAEB75CFD}"
EndProject
Project("{9A19103F-16F7-4668-BE54-9A1E7A4F7556}") = "learn", "week02\learn\learn.csproj", "{406CB099-DFD8-408B-A942-E3A83B7028F4}"
EndProject
Project("{9A19103F-16F7-4668-BE54-9A1E7A4F7556}") = "teach", "week02\teach\teach.csproj", "{8067E85A-9CAB-4BC0-A347-5C0F9E7C3612}"
EndProject
Project("{2150E333-8FDC-42A3-9474-1A3956D46DE8}") = "week03", "week03", "{105EB1D9-F290-4255-A4D7-B6D1ADACCDD6}"
EndProject
Project("{9A19103F-16F7-4668-BE54-9A1E7A4F7556}") = "code", "week03\code\code.csproj", "{3A69DA0B-F53B-409B-AD3E-3DCE4803F9E0}"
EndProject
Project("{9A19103F-16F7-4668-BE54-9A1E7A4F7556}") = "learn", "week03\learn\learn.csproj", "{2FD3D68D-34BC-49BE-9AC2-900287D1548D}"
EndProject
Project("{9A19103F-16F7-4668-BE54-9A1E7A4F7556}") = "teach", "week03\teach\teach.csproj", "{CB0D483D-AA31-4489-A12C-885455652B55}"
EndProject
Project("{2150E333-8FDC-42A3-9474-1A3956D46DE8}") = "week04", "week04", "{3D93CDD2-51B6-4D46-98F2-F4A6096B6003}"
EndProject
Project("{9A19103F-16F7-4668-BE54-9A1E7A4F7556}") = "code", "week04\code\code.csproj", "{5AB8D808-ACF7-4209-A32B-5E3DBEB4C31C}"
EndProject
Project("{2150E333-8FDC-42A3-9474-1A3956D46DE8}") = "week05", "week05", "{0A5AC901-62BD-4784-A80C-C69D40119A81}"
EndProject
Project("{9A19103F-16F7-4668-BE54-9A1E7A4F7556}") = "code", "week05\code\code.csproj", "{AC6EFA20-655A-4D6A-AA53-DE9A8251B1E9}"
EndProject
Project("{2150E333-8FDC-42A3-9474-1A3956D46DE8}") = "week06", "week06", "{10734242-57BF-4826-A752-6E933CD7CFE4}"
EndProject
Project("{9A19103F-16F7-4668-BE54-9A1E7A4F7556}") = "code", "week06\code\code.csproj", "{7B5A05C9-FD32-4119-BD26-EB71F8C2C243}"
EndProject
Global
	GlobalSection(SolutionConfigurationPlatforms) = preSolution
		Debug|Any CPU = Debug|Any CPU
		Release|Any CPU = Release|Any CPU
	EndGlobalSection
	GlobalSection(ProjectConfigurationPlatforms) = postSolution
		{C8F1EC3F-5FFF-4CCF-AAA8-92FB1BD6523A}.Debug|Any CPU.ActiveCfg = Debug|Any CPU
		{C8F1EC3F-5FFF-4CCF-AAA8-92FB1BD6523A}.Debug|Any CPU.Build.0 = Debug|Any CPU
		{C8F1EC3F-5FFF-4CCF-AAA8-92FB1BD6523A}.Release|Any CPU.ActiveCfg = Release|Any CPU
		{C8F1EC3F-5FFF-4CCF-AAA8-92FB1BD6523A}.Release|Any CPU.Build.0 = Release|Any CPU
		{94FCB492-F0BE-49B5-B23F-4DAC6157A6B4}.Debug|Any CPU.ActiveCfg = Debug|Any CPU
		{94FCB492-F0BE-49B5-B23F-4DAC6157A6B4}.Debug|Any CPU.Build.0 = Debug|Any CPU
		{94FCB492-F0BE-49B5-B23F-4DAC6157A6B4}.Release|Any CPU.ActiveCfg = Release|Any CPU
		{94FCB492-F0BE-49B5-B23F-4DAC6157A6B4}.Release|Any CPU.Build.0 = Release|Any CPU
		{FA9A2DA3-348A-4E18-A789-7B23E1BCE492}.Debug|Any CPU.ActiveCfg = Debug|Any CPU
		{FA9A2DA3-348A-4E18-A789-7B23E1BCE492}.Debug|Any CPU.Build.0 = Debug|Any CPU
		{FA9A2DA3-348A-4E18-A789-7B23E1BCE492}.Release|Any CPU.ActiveCfg = Release|Any CPU
		{FA9A2DA3-348A-4E18-A789-7B23E1BCE492}.Release|Any CPU.Build.0 = Release|Any CPU
		{68368B34-1D1F-46B3-8AF7-F970E250F7A1}.Debug|Any CPU.ActiveCfg = Debug|Any CPU
		{68368B34-1D1F-46B3-8AF7-F970E250F7A1}.Debug|Any CPU.Build.0 = Debug|Any CPU
		{68368B34-1D1F-46B3-8AF7-F970E250F7A1}.Release|Any CPU.ActiveCfg = Release|Any CPU
		{68368B34-1D1F-46B3-8AF7-F970E250F7A1}.Release|Any CPU.Build.0 = Release|Any CPU
		{5F378415-7942-4F06-AA3C-E384BDE30918}.Debug|Any CPU.ActiveCfg = Debug|Any CPU
		{5F378415-7942-4F06-AA3C-E384BDE30918}.Debug|Any CPU.Build.0 = Debug|Any CPU
		{5F378415-7942-4F06-AA3C-E384BDE30918}.Release|Any CPU.ActiveCfg = Release|Any CPU
		{5F378415-7942-4F06-AA3C-E384BDE30918}.Release|Any CPU.Build.0 = Release|Any CPU
		{69AF3CDA-AE0F-4A49-91B1-30CCAEB75CFD}.Debug|Any CPU.ActiveCfg = Debug|Any CPU
		{69AF3CDA-AE0F-4A49-91B1-30CCAEB75CFD}.Debug|Any CPU.Build.0 = Debug|Any CPU
		{69AF3CDA-AE0F-4A49-91B1-30CCAEB75CFD}.Release|Any CPU.ActiveCfg = Release|Any CPU
		{69AF3CDA-AE0F-4A49-91B1-30CCAEB75CFD}.Release|Any CPU.Build.0 = Release|Any CPU
		{406CB099-DFD8-408B-A942-E3A83B7028F4}.Debug|Any CPU.ActiveCfg = Debug|Any CPU
		{406CB099-DFD8-408B-A942-E3A83B7028F4}.Debug|Any CPU.Build.0 = Debug|Any CPU
		{406CB099-DFD8-408B-A942-E3A83B7028F4}.Release|Any CPU.ActiveCfg = Release|Any CPU
		{406CB099-DFD8-408B-A942-E3A83B7028F4}.Release|Any CPU.Build.0 = Release|Any CPU
		{8067E85A-9CAB-4BC0-A347-5C0F9E7C3612}.Debug|Any CPU.ActiveCfg = Debug|Any CPU
		{8067E85A-9CAB-4BC0-A347-5C0F9E7C3612}.Debug|Any CPU.Build.0 = Debug|Any CPU
		{8067E85A-9CAB-4BC0-A347-5C0F9E7C3612}.Release|Any CPU.ActiveCfg = Release|Any CPU
		{8067E85A-9CAB-4BC0-A347-5C0F9E7C3612}.Release|Any CPU.Build.0 = Release|Any CPU
		{3A69DA0B-F53B-409B-AD3E-3DCE4803F9E0}.Debug|Any CPU.ActiveCfg = Debug|Any CPU
		{3A69DA0B-F53B-409B-AD3E-3DCE4803F9E0}.Debug|Any CPU.Build.0 = Debug|Any CPU
		{3A69DA0B-F53B-409B-AD3E-3DCE4803F9E0}.Release|Any CPU.ActiveCfg = Release|Any CPU
		{3A69DA0B-F53B-409B-AD3E-3DCE4803F9E0}.Release|Any CPU.Build.0 = Release|Any CPU
		{2FD3D68D-34BC-49BE-9AC2-900287D1548D}.Debug|Any CPU.ActiveCfg = Debug|Any CPU
		{2FD3D68D-34BC-49BE-9AC2-900287D1548D}.Debug|Any CPU.Build.0 = Debug|Any CPU
		{2FD3D68D-34BC-49BE-9AC2-900287D1548D}.Release|Any CPU.ActiveCfg = Release|Any CPU
		{2FD3D68D-34BC-49BE-9AC2-900287D1548D}.Release|Any CPU.Build.0 = Release|Any CPU
		{CB0D483D-AA31-4489-A12C-885455652B55}.Debug|Any CPU.ActiveCfg = Debug|Any CPU
		{CB0D483D-AA31-4489-A12C-885455652B55}.Debug|Any CPU.Build.0 = Debug|Any CPU
		{CB0D483D-AA31-4489-A12C-885455652B55}.Release|Any CPU.ActiveCfg = Release|Any CPU
		{CB0D483D-AA31-4489-A12C-885455652B55}.Release|Any CPU.Build.0 = Release|Any CPU
		{5AB8D808-ACF7-4209-A32B-5E3DBEB4C31C}.Debug|Any CPU.ActiveCfg = Debug|Any CPU
		{5AB8D808-ACF7-4209-A32B-5E3DBEB4C31C}.Debug|Any CPU.Build.0 = Debug|Any CPU
		{5AB8D808-ACF7-4209-A32B-5E3DBEB4C31C}.Release|Any CPU.ActiveCfg = Release|Any CPU
		{5AB8D808-ACF7-4209-A32B-5E3DBEB4C31C}.Release|Any CPU.Build.0 = Release|Any CPU
		{AC6EFA20-655A-4D6A-AA53-DE9A8251B1E9}.Debug|Any CPU.ActiveCfg = Debug|Any CPU
		{AC6EFA20-655A-4D6A-AA53-DE9A8251B1E9}.Debug|Any CPU.Build.0 = Debug|Any CPU
		{AC6EFA20-655A-4D6A-AA53-DE9A8251B1E9}.Release|Any CPU.ActiveCfg = Release|Any CPU
		{AC6EFA20-655A-4D6A-AA53-DE9A8251B1E9}.Release|Any CPU.Build.0 = Release|Any CPU
		{7B5A05C9-FD32-4119-BD26-EB71F8C2C243}.Debug|Any CPU.ActiveCfg = Debug|Any CPU
		{7B5A05C9-FD32-4119-BD26-EB71F8C2C243}.Debug|Any CPU.Build.0 = Debug|Any CPU
		{7B5A05C9-FD32-4119-BD26-EB71F8C2C243}.Release|Any CPU.ActiveCfg = Release|Any CPU
		{7B5A05C9-FD32-4119-BD26-EB71F8C2C243}.Release|Any CPU.Build.0 = Release|Any CPU
	EndGlobalSection
	GlobalSection(SolutionProperties) = preSolution
		HideSolutionNode = FALSE
	EndGlobalSection
	GlobalSection(NestedProjects) = preSolution
		{C8F1EC3F-5FFF-4CCF-AAA8-92FB1BD6523A} = {F2510598-09F6-4E28-8E5A-08B7B06E7B4C}
		{94FCB492-F0BE-49B5-B23F-4DAC6157A6B4} = {AEE8DFFF-FC76-40F7-B66C-7E38307FB07E}
		{FA9A2DA3-348A-4E18-A789-7B23E1BCE492} = {AEE8DFFF-FC76-40F7-B66C-7E38307FB07E}
		{68368B34-1D1F-46B3-8AF7-F970E250F7A1} = {AEE8DFFF-FC76-40F7-B66C-7E38307FB07E}
		{5F378415-7942-4F06-AA3C-E384BDE30918} = {22AA3186-6569-435A-98AC-B0B98C442454}
		{69AF3CDA-AE0F-4A49-91B1-30CCAEB75CFD} = {22AA3186-6569-435A-98AC-B0B98C442454}
		{406CB099-DFD8-408B-A942-E3A83B7028F4} = {22AA3186-6569-435A-98AC-B0B98C442454}
		{8067E85A-9CAB-4BC0-A347-5C0F9E7C3612} = {22AA3186-6569-435A-98AC-B0B98C442454}
		{3A69DA0B-F53B-409B-AD3E-3DCE4803F9E0} = {105EB1D9-F290-4255-A4D7-B6D1ADACCDD6}
		{2FD3D68D-34BC-49BE-9AC2-900287D1548D} = {105EB1D9-F290-4255-A4D7-B6D1ADACCDD6}
		{CB0D483D-AA31-4489-A12C-885455652B55} = {105EB1D9-F290-4255-A4D7-B6D1ADACCDD6}
		{5AB8D808-ACF7-4209-A32B-5E3DBEB4C31C} = {3D93CDD2-51B6-4D46-98F2-F4A6096B6003}
		{AC6EFA20-655A-4D6A-AA53-DE9A8251B1E9} = {0A5AC901-62BD-4784-A80C-C69D40119A81}
		{7B5A05C9-FD32-4119-BD26-EB71F8C2C243} = {10734242-57BF-4826-A752-6E933CD7CFE4}
	EndGlobalSection
	GlobalSection(ExtensibilityGlobals) = postSolution
		SolutionGuid = {C9012F34-38CC-4808-8B78-C07E60F7A6DE}
	EndGlobalSection
EndGlobal
